
Microsoft Visual Studio Solution File, Format Version 12.00
# Visual Studio Version 17
VisualStudioVersion = 17.7.34024.191
MinimumVisualStudioVersion = 10.0.40219.1
Project("{9A19103F-16F7-4668-BE54-9A1E7A4F7556}") = "PocketBookVincentAstolfi", "PocketBookVincentAstolfi\PocketBookVincentAstolfi.csproj", "{EA665DE1-4D36-4643-BE1D-1E9D81533E19}"
EndProject
Project("{FAE04EC0-301F-11D3-BF4B-00C04F79EFBC}") = "MyToolkit", "MyToolkit\MyToolkit.csproj", "{76D09880-E920-4002-AE98-11BD89FBF9CF}"
EndProject
Project("{FAE04EC0-301F-11D3-BF4B-00C04F79EFBC}") = "Model", "Model\Model.csproj", "{DB4D19DD-2E89-4960-A5E3-7D4F1CE2EA15}"
EndProject
Project("{FAE04EC0-301F-11D3-BF4B-00C04F79EFBC}") = "Stub", "Stub\Stub.csproj", "{6C621A6B-DAB0-4BD3-84AB-27B1AC2467EE}"
EndProject
Project("{FAE04EC0-301F-11D3-BF4B-00C04F79EFBC}") = "WrapperViewModel", "WrapperViewModel\WrapperViewModel.csproj", "{EDEC840F-CCA3-44C5-8282-BC58CEF3517A}"
EndProject
Global
	GlobalSection(SolutionConfigurationPlatforms) = preSolution
		Debug|Any CPU = Debug|Any CPU
		Release|Any CPU = Release|Any CPU
	EndGlobalSection
	GlobalSection(ProjectConfigurationPlatforms) = postSolution
		{EA665DE1-4D36-4643-BE1D-1E9D81533E19}.Debug|Any CPU.ActiveCfg = Debug|Any CPU
		{EA665DE1-4D36-4643-BE1D-1E9D81533E19}.Debug|Any CPU.Build.0 = Debug|Any CPU
		{EA665DE1-4D36-4643-BE1D-1E9D81533E19}.Debug|Any CPU.Deploy.0 = Debug|Any CPU
		{EA665DE1-4D36-4643-BE1D-1E9D81533E19}.Release|Any CPU.ActiveCfg = Release|Any CPU
		{EA665DE1-4D36-4643-BE1D-1E9D81533E19}.Release|Any CPU.Build.0 = Release|Any CPU
		{EA665DE1-4D36-4643-BE1D-1E9D81533E19}.Release|Any CPU.Deploy.0 = Release|Any CPU
		{76D09880-E920-4002-AE98-11BD89FBF9CF}.Debug|Any CPU.ActiveCfg = Debug|Any CPU
		{76D09880-E920-4002-AE98-11BD89FBF9CF}.Debug|Any CPU.Build.0 = Debug|Any CPU
		{76D09880-E920-4002-AE98-11BD89FBF9CF}.Release|Any CPU.ActiveCfg = Release|Any CPU
		{76D09880-E920-4002-AE98-11BD89FBF9CF}.Release|Any CPU.Build.0 = Release|Any CPU
		{DB4D19DD-2E89-4960-A5E3-7D4F1CE2EA15}.Debug|Any CPU.ActiveCfg = Debug|Any CPU
		{DB4D19DD-2E89-4960-A5E3-7D4F1CE2EA15}.Debug|Any CPU.Build.0 = Debug|Any CPU
		{DB4D19DD-2E89-4960-A5E3-7D4F1CE2EA15}.Release|Any CPU.ActiveCfg = Release|Any CPU
		{DB4D19DD-2E89-4960-A5E3-7D4F1CE2EA15}.Release|Any CPU.Build.0 = Release|Any CPU
		{6C621A6B-DAB0-4BD3-84AB-27B1AC2467EE}.Debug|Any CPU.ActiveCfg = Debug|Any CPU
		{6C621A6B-DAB0-4BD3-84AB-27B1AC2467EE}.Debug|Any CPU.Build.0 = Debug|Any CPU
		{6C621A6B-DAB0-4BD3-84AB-27B1AC2467EE}.Release|Any CPU.ActiveCfg = Release|Any CPU
		{6C621A6B-DAB0-4BD3-84AB-27B1AC2467EE}.Release|Any CPU.Build.0 = Release|Any CPU
		{EDEC840F-CCA3-44C5-8282-BC58CEF3517A}.Debug|Any CPU.ActiveCfg = Debug|Any CPU
		{EDEC840F-CCA3-44C5-8282-BC58CEF3517A}.Debug|Any CPU.Build.0 = Debug|Any CPU
		{EDEC840F-CCA3-44C5-8282-BC58CEF3517A}.Release|Any CPU.ActiveCfg = Release|Any CPU
		{EDEC840F-CCA3-44C5-8282-BC58CEF3517A}.Release|Any CPU.Build.0 = Release|Any CPU
	EndGlobalSection
	GlobalSection(SolutionProperties) = preSolution
		HideSolutionNode = FALSE
	EndGlobalSection
	GlobalSection(ExtensibilityGlobals) = postSolution
		SolutionGuid = {5D0A2166-30B2-4BCE-9329-B1E3D3F2E649}
	EndGlobalSection
EndGlobal
