
Microsoft Visual Studio Solution File, Format Version 12.00
# Visual Studio Version 16
VisualStudioVersion = 25.0.1706.5
MinimumVisualStudioVersion = 10.0.40219.1
Project("{FAE04EC0-301F-11D3-BF4B-00C04F79EFBC}") = "WrapperViewModel", "WrapperViewModel.csproj", "{47204596-C8E0-4DE8-BC86-EC448A3F76BA}"
EndProject
Global
	GlobalSection(SolutionConfigurationPlatforms) = preSolution
		Debug|Any CPU = Debug|Any CPU
		Release|Any CPU = Release|Any CPU
	EndGlobalSection
	GlobalSection(ProjectConfigurationPlatforms) = postSolution
		{47204596-C8E0-4DE8-BC86-EC448A3F76BA}.Debug|Any CPU.ActiveCfg = Debug|Any CPU
		{47204596-C8E0-4DE8-BC86-EC448A3F76BA}.Debug|Any CPU.Build.0 = Debug|Any CPU
		{47204596-C8E0-4DE8-BC86-EC448A3F76BA}.Release|Any CPU.ActiveCfg = Release|Any CPU
		{47204596-C8E0-4DE8-BC86-EC448A3F76BA}.Release|Any CPU.Build.0 = Release|Any CPU
	EndGlobalSection
	GlobalSection(SolutionProperties) = preSolution
		HideSolutionNode = FALSE
	EndGlobalSection
	GlobalSection(ExtensibilityGlobals) = postSolution
		SolutionGuid = {E2271408-D6DD-4B61-8820-A4A49E4DD3E8}
	EndGlobalSection
EndGlobal
